
Microsoft Visual Studio Solution File, Format Version 12.00
# Visual Studio Version 16
VisualStudioVersion = 16.0.28729.10
MinimumVisualStudioVersion = 10.0.40219.1
Project("{9A19103F-16F7-4668-BE54-9A1E7A4F7556}") = "AzureFunctions.Extensions.Swashbuckle", "AzureFunctions.Extensions.Swashbuckle\AzureFunctions.Extensions.Swashbuckle.csproj", "{1E41B7D0-91CC-4232-88E8-ED5330EDB7BF}"
EndProject
Project("{9A19103F-16F7-4668-BE54-9A1E7A4F7556}") = "TestFunction", "TestFunction\TestFunction.csproj", "{93B84BC0-2017-4BC2-8191-20EDF594E7AC}"
EndProject
Global
	GlobalSection(SolutionConfigurationPlatforms) = preSolution
		Debug|Any CPU = Debug|Any CPU
		Release|Any CPU = Release|Any CPU
	EndGlobalSection
	GlobalSection(ProjectConfigurationPlatforms) = postSolution
		{1E41B7D0-91CC-4232-88E8-ED5330EDB7BF}.Debug|Any CPU.ActiveCfg = Debug|Any CPU
		{1E41B7D0-91CC-4232-88E8-ED5330EDB7BF}.Debug|Any CPU.Build.0 = Debug|Any CPU
		{1E41B7D0-91CC-4232-88E8-ED5330EDB7BF}.Release|Any CPU.ActiveCfg = Release|Any CPU
		{1E41B7D0-91CC-4232-88E8-ED5330EDB7BF}.Release|Any CPU.Build.0 = Release|Any CPU
		{93B84BC0-2017-4BC2-8191-20EDF594E7AC}.Debug|Any CPU.ActiveCfg = Debug|Any CPU
		{93B84BC0-2017-4BC2-8191-20EDF594E7AC}.Debug|Any CPU.Build.0 = Debug|Any CPU
		{93B84BC0-2017-4BC2-8191-20EDF594E7AC}.Release|Any CPU.ActiveCfg = Release|Any CPU
		{93B84BC0-2017-4BC2-8191-20EDF594E7AC}.Release|Any CPU.Build.0 = Release|Any CPU
	EndGlobalSection
	GlobalSection(SolutionProperties) = preSolution
		HideSolutionNode = FALSE
	EndGlobalSection
	GlobalSection(ExtensibilityGlobals) = postSolution
		SolutionGuid = {34BB311A-992E-44A4-8F07-34B7D23F8139}
	EndGlobalSection
EndGlobal
